
Microsoft Visual Studio Solution File, Format Version 12.00
# Visual Studio Version 16
VisualStudioVersion = 16.0.29201.188
MinimumVisualStudioVersion = 10.0.40219.1
Project("{8BC9CEB8-8B4A-11D0-8D11-00A0C91BC942}") = "Crypto", "Crypto\Crypto.vcxproj", "{AE9C3D9D-51CD-41EF-8A03-993BCF75E8BD}"
EndProject
Project("{8BC9CEB8-8B4A-11D0-8D11-00A0C91BC942}") = "UnitTest", "UnitTest\UnitTest.vcxproj", "{0619B205-8CAB-437A-A17C-0887D77CCB27}"
EndProject
Project("{2150E333-8FDC-42A3-9474-1A3956D46DE8}") = "Solution Items", "Solution Items", "{1AB7370C-29C1-4161-998B-5763980C160D}"
	ProjectSection(SolutionItems) = preProject
		.gitignore = .gitignore
		readme.md = readme.md
	EndProjectSection
EndProject
Global
	GlobalSection(SolutionConfigurationPlatforms) = preSolution
		Debug|x64 = Debug|x64
		Debug|x86 = Debug|x86
		Release|x64 = Release|x64
		Release|x86 = Release|x86
	EndGlobalSection
	GlobalSection(ProjectConfigurationPlatforms) = postSolution
		{AE9C3D9D-51CD-41EF-8A03-993BCF75E8BD}.Debug|x64.ActiveCfg = Debug|x64
		{AE9C3D9D-51CD-41EF-8A03-993BCF75E8BD}.Debug|x64.Build.0 = Debug|x64
		{AE9C3D9D-51CD-41EF-8A03-993BCF75E8BD}.Debug|x86.ActiveCfg = Debug|Win32
		{AE9C3D9D-51CD-41EF-8A03-993BCF75E8BD}.Debug|x86.Build.0 = Debug|Win32
		{AE9C3D9D-51CD-41EF-8A03-993BCF75E8BD}.Release|x64.ActiveCfg = Release|x64
		{AE9C3D9D-51CD-41EF-8A03-993BCF75E8BD}.Release|x64.Build.0 = Release|x64
		{AE9C3D9D-51CD-41EF-8A03-993BCF75E8BD}.Release|x86.ActiveCfg = Release|Win32
		{AE9C3D9D-51CD-41EF-8A03-993BCF75E8BD}.Release|x86.Build.0 = Release|Win32
		{0619B205-8CAB-437A-A17C-0887D77CCB27}.Debug|x64.ActiveCfg = Debug|x64
		{0619B205-8CAB-437A-A17C-0887D77CCB27}.Debug|x64.Build.0 = Debug|x64
		{0619B205-8CAB-437A-A17C-0887D77CCB27}.Debug|x86.ActiveCfg = Debug|Win32
		{0619B205-8CAB-437A-A17C-0887D77CCB27}.Debug|x86.Build.0 = Debug|Win32
		{0619B205-8CAB-437A-A17C-0887D77CCB27}.Release|x64.ActiveCfg = Release|x64
		{0619B205-8CAB-437A-A17C-0887D77CCB27}.Release|x64.Build.0 = Release|x64
		{0619B205-8CAB-437A-A17C-0887D77CCB27}.Release|x86.ActiveCfg = Release|Win32
		{0619B205-8CAB-437A-A17C-0887D77CCB27}.Release|x86.Build.0 = Release|Win32
	EndGlobalSection
	GlobalSection(SolutionProperties) = preSolution
		HideSolutionNode = FALSE
	EndGlobalSection
	GlobalSection(ExtensibilityGlobals) = postSolution
		SolutionGuid = {127B23C7-6DA0-46F9-A3D7-33C9E7A305F2}
	EndGlobalSection
EndGlobal
